
Microsoft Visual Studio Solution File, Format Version 12.00
# Visual Studio Version 17
VisualStudioVersion = 17.13.35919.96 d17.13
MinimumVisualStudioVersion = 10.0.40219.1
Project("{FAE04EC0-301F-11D3-BF4B-00C04F79EFBC}") = "ConsoleApp3", "ConsoleApp3\ConsoleApp3.csproj", "{7377DA21-C047-4C55-B95F-7F1C5B07E0DA}"
EndProject
Global
	GlobalSection(SolutionConfigurationPlatforms) = preSolution
		Debug|Any CPU = Debug|Any CPU
		Release|Any CPU = Release|Any CPU
	EndGlobalSection
	GlobalSection(ProjectConfigurationPlatforms) = postSolution
		{7377DA21-C047-4C55-B95F-7F1C5B07E0DA}.Debug|Any CPU.ActiveCfg = Debug|Any CPU
		{7377DA21-C047-4C55-B95F-7F1C5B07E0DA}.Debug|Any CPU.Build.0 = Debug|Any CPU
		{7377DA21-C047-4C55-B95F-7F1C5B07E0DA}.Release|Any CPU.ActiveCfg = Release|Any CPU
		{7377DA21-C047-4C55-B95F-7F1C5B07E0DA}.Release|Any CPU.Build.0 = Release|Any CPU
	EndGlobalSection
	GlobalSection(SolutionProperties) = preSolution
		HideSolutionNode = FALSE
	EndGlobalSection
	GlobalSection(ExtensibilityGlobals) = postSolution
		SolutionGuid = {02746D7D-A477-4E1C-A900-9F043E0DF75B}
	EndGlobalSection
EndGlobal
